
Microsoft Visual Studio Solution File, Format Version 12.00
# Visual Studio Version 17
VisualStudioVersion = 17.6.33712.159
MinimumVisualStudioVersion = 10.0.40219.1
Project("{FAE04EC0-301F-11D3-BF4B-00C04F79EFBC}") = "C#_WEB_API_REST_SQL", "C#_WEB_API_REST_SQL\C#_WEB_API_REST_SQL.csproj", "{4856E246-593F-4DE6-8227-E9CF0B214E11}"
EndProject
Global
	GlobalSection(SolutionConfigurationPlatforms) = preSolution
		Debug|Any CPU = Debug|Any CPU
		Release|Any CPU = Release|Any CPU
	EndGlobalSection
	GlobalSection(ProjectConfigurationPlatforms) = postSolution
		{4856E246-593F-4DE6-8227-E9CF0B214E11}.Debug|Any CPU.ActiveCfg = Debug|Any CPU
		{4856E246-593F-4DE6-8227-E9CF0B214E11}.Debug|Any CPU.Build.0 = Debug|Any CPU
		{4856E246-593F-4DE6-8227-E9CF0B214E11}.Release|Any CPU.ActiveCfg = Release|Any CPU
		{4856E246-593F-4DE6-8227-E9CF0B214E11}.Release|Any CPU.Build.0 = Release|Any CPU
	EndGlobalSection
	GlobalSection(SolutionProperties) = preSolution
		HideSolutionNode = FALSE
	EndGlobalSection
	GlobalSection(ExtensibilityGlobals) = postSolution
		SolutionGuid = {2409B3E1-F5F5-4F31-B1CA-D239D5AA0076}
	EndGlobalSection
EndGlobal
